// !$*UTF8*$!
{
	archiveVersion = 1;
	classes = {
	};
	objectVersion = 46;
	objects = {

/* Begin PBXBuildFile section */
		3FDFD4331C2AC6E000B44C56 /* main.m in Sources */ = {isa = PBXBuildFile; fileRef = 3FDFD4321C2AC6E000B44C56 /* main.m */; };
		3FDFD4361C2AC6E000B44C56 /* AppDelegate.m in Sources */ = {isa = PBXBuildFile; fileRef = 3FDFD4351C2AC6E000B44C56 /* AppDelegate.m */; };
		3FDFD43C1C2AC6E000B44C56 /* Main.storyboard in Resources */ = {isa = PBXBuildFile; fileRef = 3FDFD43A1C2AC6E000B44C56 /* Main.storyboard */; };
		3FDFD43E1C2AC6E000B44C56 /* Assets.xcassets in Resources */ = {isa = PBXBuildFile; fileRef = 3FDFD43D1C2AC6E000B44C56 /* Assets.xcassets */; };
		3FDFD4411C2AC6E000B44C56 /* LaunchScreen.storyboard in Resources */ = {isa = PBXBuildFile; fileRef = 3FDFD43F1C2AC6E000B44C56 /* LaunchScreen.storyboard */; };
		3FDFD44C1C2ACC3100B44C56 /* Bmob_iOS_SDK更新历史.txt in Resources */ = {isa = PBXBuildFile; fileRef = 3FDFD44A1C2ACC3100B44C56 /* Bmob_iOS_SDK更新历史.txt */; };
		3FDFD44D1C2ACC3100B44C56 /* BmobSDK.framework in Frameworks */ = {isa = PBXBuildFile; fileRef = 3FDFD44B1C2ACC3100B44C56 /* BmobSDK.framework */; };
		3FDFD4511C2ACCCD00B44C56 /* CoreLocation.framework in Frameworks */ = {isa = PBXBuildFile; fileRef = 3FDFD4501C2ACCCD00B44C56 /* CoreLocation.framework */; };
		3FDFD4531C2ACCDA00B44C56 /* Security.framework in Frameworks */ = {isa = PBXBuildFile; fileRef = 3FDFD4521C2ACCDA00B44C56 /* Security.framework */; };
		3FDFD4551C2ACCE300B44C56 /* CoreGraphics.framework in Frameworks */ = {isa = PBXBuildFile; fileRef = 3FDFD4541C2ACCE300B44C56 /* CoreGraphics.framework */; };
		3FDFD4571C2ACCEB00B44C56 /* MobileCoreServices.framework in Frameworks */ = {isa = PBXBuildFile; fileRef = 3FDFD4561C2ACCEB00B44C56 /* MobileCoreServices.framework */; };
		3FDFD4591C2ACCF300B44C56 /* CFNetwork.framework in Frameworks */ = {isa = PBXBuildFile; fileRef = 3FDFD4581C2ACCF300B44C56 /* CFNetwork.framework */; };
		3FDFD45B1C2ACCF900B44C56 /* CoreTelephony.framework in Frameworks */ = {isa = PBXBuildFile; fileRef = 3FDFD45A1C2ACCF900B44C56 /* CoreTelephony.framework */; };
		3FDFD45D1C2ACD0100B44C56 /* SystemConfiguration.framework in Frameworks */ = {isa = PBXBuildFile; fileRef = 3FDFD45C1C2ACD0100B44C56 /* SystemConfiguration.framework */; };
		3FDFD45F1C2ACD0D00B44C56 /* libz.1.2.5.tbd in Frameworks */ = {isa = PBXBuildFile; fileRef = 3FDFD45E1C2ACD0D00B44C56 /* libz.1.2.5.tbd */; };
		3FDFD4611C2ACD1D00B44C56 /* libicucore.tbd in Frameworks */ = {isa = PBXBuildFile; fileRef = 3FDFD4601C2ACD1D00B44C56 /* libicucore.tbd */; };
		3FDFD4631C2ACD2700B44C56 /* libsqlite3.0.tbd in Frameworks */ = {isa = PBXBuildFile; fileRef = 3FDFD4621C2ACD2700B44C56 /* libsqlite3.0.tbd */; };
		3FDFD4651C2ACD2D00B44C56 /* AVFoundation.framework in Frameworks */ = {isa = PBXBuildFile; fileRef = 3FDFD4641C2ACD2D00B44C56 /* AVFoundation.framework */; };
		3FDFD4671C2ACD3400B44C56 /* MediaPlayer.framework in Frameworks */ = {isa = PBXBuildFile; fileRef = 3FDFD4661C2ACD3400B44C56 /* MediaPlayer.framework */; };
		3FDFD46A1C2ACFC100B44C56 /* BmobRequest.m in Sources */ = {isa = PBXBuildFile; fileRef = 3FDFD4691C2ACFC100B44C56 /* BmobRequest.m */; };
		3FDFD4721C2B7BEA00B44C56 /* UserModel.m in Sources */ = {isa = PBXBuildFile; fileRef = 3FDFD4711C2B7BEA00B44C56 /* UserModel.m */; };
		3FDFD4B91C2C26D300B44C56 /* UIView+Toast.m in Sources */ = {isa = PBXBuildFile; fileRef = 3FDFD4B81C2C26D300B44C56 /* UIView+Toast.m */; };
		FF0457811C340C150036396E /* MBProgressHUD.m in Sources */ = {isa = PBXBuildFile; fileRef = FF0457801C340C150036396E /* MBProgressHUD.m */; };
		FF2CCFDC1C32144200CC76EF /* DEMOLeftMenuViewController.m in Sources */ = {isa = PBXBuildFile; fileRef = FF2CCFDB1C32144200CC76EF /* DEMOLeftMenuViewController.m */; };
		FF2CCFDF1C3215D600CC76EF /* MainTableViewController.m in Sources */ = {isa = PBXBuildFile; fileRef = FF2CCFDE1C3215D600CC76EF /* MainTableViewController.m */; };
		FF4251E31C34B15600640F7B /* MyBannerView.m in Sources */ = {isa = PBXBuildFile; fileRef = FF4251E21C34B15600640F7B /* MyBannerView.m */; };
		FF4252061C34B1BB00640F7B /* MKAnnotationView+WebCache.m in Sources */ = {isa = PBXBuildFile; fileRef = FF4251E61C34B1BB00640F7B /* MKAnnotationView+WebCache.m */; };
		FF4252071C34B1BB00640F7B /* NSData+ImageContentType.m in Sources */ = {isa = PBXBuildFile; fileRef = FF4251E81C34B1BB00640F7B /* NSData+ImageContentType.m */; };
		FF4252081C34B1BB00640F7B /* SDImageCache.m in Sources */ = {isa = PBXBuildFile; fileRef = FF4251EA1C34B1BB00640F7B /* SDImageCache.m */; };
		FF4252091C34B1BB00640F7B /* SDWebImageCompat.m in Sources */ = {isa = PBXBuildFile; fileRef = FF4251EC1C34B1BB00640F7B /* SDWebImageCompat.m */; };
		FF42520A1C34B1BB00640F7B /* SDWebImageDecoder.m in Sources */ = {isa = PBXBuildFile; fileRef = FF4251EE1C34B1BB00640F7B /* SDWebImageDecoder.m */; };
		FF42520B1C34B1BB00640F7B /* SDWebImageDownloader.m in Sources */ = {isa = PBXBuildFile; fileRef = FF4251F01C34B1BB00640F7B /* SDWebImageDownloader.m */; };
		FF42520C1C34B1BB00640F7B /* SDWebImageDownloaderOperation.m in Sources */ = {isa = PBXBuildFile; fileRef = FF4251F21C34B1BB00640F7B /* SDWebImageDownloaderOperation.m */; };
		FF42520D1C34B1BB00640F7B /* SDWebImageManager.m in Sources */ = {isa = PBXBuildFile; fileRef = FF4251F41C34B1BB00640F7B /* SDWebImageManager.m */; };
		FF42520E1C34B1BB00640F7B /* SDWebImagePrefetcher.m in Sources */ = {isa = PBXBuildFile; fileRef = FF4251F71C34B1BB00640F7B /* SDWebImagePrefetcher.m */; };
		FF42520F1C34B1BB00640F7B /* UIButton+WebCache.m in Sources */ = {isa = PBXBuildFile; fileRef = FF4251F91C34B1BB00640F7B /* UIButton+WebCache.m */; };
		FF4252101C34B1BB00640F7B /* UIImage+GIF.m in Sources */ = {isa = PBXBuildFile; fileRef = FF4251FB1C34B1BB00640F7B /* UIImage+GIF.m */; };
		FF4252111C34B1BB00640F7B /* UIImage+MultiFormat.m in Sources */ = {isa = PBXBuildFile; fileRef = FF4251FD1C34B1BB00640F7B /* UIImage+MultiFormat.m */; };
		FF4252121C34B1BB00640F7B /* UIImage+WebP.m in Sources */ = {isa = PBXBuildFile; fileRef = FF4251FF1C34B1BB00640F7B /* UIImage+WebP.m */; };
		FF4252131C34B1BB00640F7B /* UIImageView+HighlightedWebCache.m in Sources */ = {isa = PBXBuildFile; fileRef = FF4252011C34B1BB00640F7B /* UIImageView+HighlightedWebCache.m */; };
		FF4252141C34B1BB00640F7B /* UIImageView+WebCache.m in Sources */ = {isa = PBXBuildFile; fileRef = FF4252031C34B1BB00640F7B /* UIImageView+WebCache.m */; };
		FF4252151C34B1BB00640F7B /* UIView+WebCacheOperation.m in Sources */ = {isa = PBXBuildFile; fileRef = FF4252051C34B1BB00640F7B /* UIView+WebCacheOperation.m */; };
		FF4252181C34B2FD00640F7B /* ZQTBannerModel.m in Sources */ = {isa = PBXBuildFile; fileRef = FF4252171C34B2FD00640F7B /* ZQTBannerModel.m */; };
		FF42521B1C34FB9300640F7B /* ZQTMainModel.m in Sources */ = {isa = PBXBuildFile; fileRef = FF42521A1C34FB9300640F7B /* ZQTMainModel.m */; };
		FF42521F1C34FD5400640F7B /* ZQTMainCell.m in Sources */ = {isa = PBXBuildFile; fileRef = FF42521D1C34FD5400640F7B /* ZQTMainCell.m */; };
		FF42524E1C351CEE00640F7B /* MJRefreshAutoFooter.m in Sources */ = {isa = PBXBuildFile; fileRef = FF4252241C351CEE00640F7B /* MJRefreshAutoFooter.m */; };
		FF42524F1C351CEE00640F7B /* MJRefreshBackFooter.m in Sources */ = {isa = PBXBuildFile; fileRef = FF4252261C351CEE00640F7B /* MJRefreshBackFooter.m */; };
		FF4252501C351CEE00640F7B /* MJRefreshComponent.m in Sources */ = {isa = PBXBuildFile; fileRef = FF4252281C351CEE00640F7B /* MJRefreshComponent.m */; };
		FF4252511C351CEE00640F7B /* MJRefreshFooter.m in Sources */ = {isa = PBXBuildFile; fileRef = FF42522A1C351CEE00640F7B /* MJRefreshFooter.m */; };
		FF4252521C351CEE00640F7B /* MJRefreshHeader.m in Sources */ = {isa = PBXBuildFile; fileRef = FF42522C1C351CEE00640F7B /* MJRefreshHeader.m */; };
		FF4252531C351CEE00640F7B /* MJRefreshAutoGifFooter.m in Sources */ = {isa = PBXBuildFile; fileRef = FF4252311C351CEE00640F7B /* MJRefreshAutoGifFooter.m */; };
		FF4252541C351CEE00640F7B /* MJRefreshAutoNormalFooter.m in Sources */ = {isa = PBXBuildFile; fileRef = FF4252331C351CEE00640F7B /* MJRefreshAutoNormalFooter.m */; };
		FF4252551C351CEE00640F7B /* MJRefreshAutoStateFooter.m in Sources */ = {isa = PBXBuildFile; fileRef = FF4252351C351CEE00640F7B /* MJRefreshAutoStateFooter.m */; };
		FF4252561C351CEE00640F7B /* MJRefreshBackGifFooter.m in Sources */ = {isa = PBXBuildFile; fileRef = FF4252381C351CEE00640F7B /* MJRefreshBackGifFooter.m */; };
		FF4252571C351CEE00640F7B /* MJRefreshBackNormalFooter.m in Sources */ = {isa = PBXBuildFile; fileRef = FF42523A1C351CEE00640F7B /* MJRefreshBackNormalFooter.m */; };
		FF4252581C351CEE00640F7B /* MJRefreshBackStateFooter.m in Sources */ = {isa = PBXBuildFile; fileRef = FF42523C1C351CEE00640F7B /* MJRefreshBackStateFooter.m */; };
		FF4252591C351CEE00640F7B /* MJRefreshGifHeader.m in Sources */ = {isa = PBXBuildFile; fileRef = FF42523F1C351CEE00640F7B /* MJRefreshGifHeader.m */; };
		FF42525A1C351CEE00640F7B /* MJRefreshNormalHeader.m in Sources */ = {isa = PBXBuildFile; fileRef = FF4252411C351CEE00640F7B /* MJRefreshNormalHeader.m */; };
		FF42525B1C351CEE00640F7B /* MJRefreshStateHeader.m in Sources */ = {isa = PBXBuildFile; fileRef = FF4252431C351CEE00640F7B /* MJRefreshStateHeader.m */; };
		FF42525C1C351CEE00640F7B /* MJRefresh.bundle in Resources */ = {isa = PBXBuildFile; fileRef = FF4252441C351CEE00640F7B /* MJRefresh.bundle */; };
		FF42525D1C351CEE00640F7B /* MJRefreshConst.m in Sources */ = {isa = PBXBuildFile; fileRef = FF4252471C351CEE00640F7B /* MJRefreshConst.m */; };
		FF42525E1C351CEE00640F7B /* UIScrollView+MJExtension.m in Sources */ = {isa = PBXBuildFile; fileRef = FF4252491C351CEE00640F7B /* UIScrollView+MJExtension.m */; };
		FF42525F1C351CEE00640F7B /* UIScrollView+MJRefresh.m in Sources */ = {isa = PBXBuildFile; fileRef = FF42524B1C351CEE00640F7B /* UIScrollView+MJRefresh.m */; };
		FF4252601C351CEE00640F7B /* UIView+MJExtension.m in Sources */ = {isa = PBXBuildFile; fileRef = FF42524D1C351CEE00640F7B /* UIView+MJExtension.m */; };
		FF4654181C35670500BE1384 /* ZQTCellHeaderView.m in Sources */ = {isa = PBXBuildFile; fileRef = FF4654171C35670500BE1384 /* ZQTCellHeaderView.m */; };
		FF679E9B1C3276A50000C0AE /* MessageTableViewController.m in Sources */ = {isa = PBXBuildFile; fileRef = FF679E9A1C3276A50000C0AE /* MessageTableViewController.m */; };
		FF9DBA041C31577100EF8E9A /* RECommonFunctions.m in Sources */ = {isa = PBXBuildFile; fileRef = FF9DB9FF1C31577100EF8E9A /* RECommonFunctions.m */; };
		FF9DBA051C31577100EF8E9A /* RESideMenu.m in Sources */ = {isa = PBXBuildFile; fileRef = FF9DBA011C31577100EF8E9A /* RESideMenu.m */; };
		FF9DBA061C31577100EF8E9A /* UIViewController+RESideMenu.m in Sources */ = {isa = PBXBuildFile; fileRef = FF9DBA031C31577100EF8E9A /* UIViewController+RESideMenu.m */; };
		FF9DBA0E1C31656100EF8E9A /* HeaderChooseController.m in Sources */ = {isa = PBXBuildFile; fileRef = FF9DBA091C31656100EF8E9A /* HeaderChooseController.m */; };
		FF9DBA0F1C31656100EF8E9A /* LoginController.m in Sources */ = {isa = PBXBuildFile; fileRef = FF9DBA0B1C31656100EF8E9A /* LoginController.m */; };
		FF9DBA101C31656100EF8E9A /* RegisterController.m in Sources */ = {isa = PBXBuildFile; fileRef = FF9DBA0D1C31656100EF8E9A /* RegisterController.m */; };
		FFA4243D1C3A9F6100398F15 /* DetailViewController.m in Sources */ = {isa = PBXBuildFile; fileRef = FFA4243C1C3A9F6100398F15 /* DetailViewController.m */; };
		FFA424411C3AA2DF00398F15 /* UINavigationBar+Awesome.m in Sources */ = {isa = PBXBuildFile; fileRef = FFA424401C3AA2DF00398F15 /* UINavigationBar+Awesome.m */; };
		FFAC25021C2FFB9E005D1CFA /* Utils.m in Sources */ = {isa = PBXBuildFile; fileRef = FFAC25011C2FFB9E005D1CFA /* Utils.m */; };
		FFD94E6B1C394340002FF2DD /* ClassTableViewController.m in Sources */ = {isa = PBXBuildFile; fileRef = FFD94E6A1C394340002FF2DD /* ClassTableViewController.m */; };
		FFD94E6E1C395073002FF2DD /* MoreTableViewController.m in Sources */ = {isa = PBXBuildFile; fileRef = FFD94E6D1C395073002FF2DD /* MoreTableViewController.m */; };
/* End PBXBuildFile section */

/* Begin PBXFileReference section */
		3FDFD42E1C2AC6E000B44C56 /* 测试用.app */ = {isa = PBXFileReference; explicitFileType = wrapper.application; includeInIndex = 0; path = "测试用.app"; sourceTree = BUILT_PRODUCTS_DIR; };
		3FDFD4321C2AC6E000B44C56 /* main.m */ = {isa = PBXFileReference; lastKnownFileType = sourcecode.c.objc; path = main.m; sourceTree = "<group>"; };
		3FDFD4341C2AC6E000B44C56 /* AppDelegate.h */ = {isa = PBXFileReference; lastKnownFileType = sourcecode.c.h; path = AppDelegate.h; sourceTree = "<group>"; };
		3FDFD4351C2AC6E000B44C56 /* AppDelegate.m */ = {isa = PBXFileReference; lastKnownFileType = sourcecode.c.objc; path = AppDelegate.m; sourceTree = "<group>"; };
		3FDFD43B1C2AC6E000B44C56 /* Base */ = {isa = PBXFileReference; lastKnownFileType = file.storyboard; name = Base; path = Base.lproj/Main.storyboard; sourceTree = "<group>"; };
		3FDFD43D1C2AC6E000B44C56 /* Assets.xcassets */ = {isa = PBXFileReference; lastKnownFileType = folder.assetcatalog; path = Assets.xcassets; sourceTree = "<group>"; };
		3FDFD4401C2AC6E000B44C56 /* Base */ = {isa = PBXFileReference; lastKnownFileType = file.storyboard; name = Base; path = Base.lproj/LaunchScreen.storyboard; sourceTree = "<group>"; };
		3FDFD4421C2AC6E000B44C56 /* Info.plist */ = {isa = PBXFileReference; lastKnownFileType = text.plist.xml; path = Info.plist; sourceTree = "<group>"; };
		3FDFD44A1C2ACC3100B44C56 /* Bmob_iOS_SDK更新历史.txt */ = {isa = PBXFileReference; fileEncoding = 4; lastKnownFileType = text; path = "Bmob_iOS_SDK更新历史.txt"; sourceTree = "<group>"; };
		3FDFD44B1C2ACC3100B44C56 /* BmobSDK.framework */ = {isa = PBXFileReference; lastKnownFileType = wrapper.framework; path = BmobSDK.framework; sourceTree = "<group>"; };
		3FDFD4501C2ACCCD00B44C56 /* CoreLocation.framework */ = {isa = PBXFileReference; lastKnownFileType = wrapper.framework; name = CoreLocation.framework; path = System/Library/Frameworks/CoreLocation.framework; sourceTree = SDKROOT; };
		3FDFD4521C2ACCDA00B44C56 /* Security.framework */ = {isa = PBXFileReference; lastKnownFileType = wrapper.framework; name = Security.framework; path = System/Library/Frameworks/Security.framework; sourceTree = SDKROOT; };
		3FDFD4541C2ACCE300B44C56 /* CoreGraphics.framework */ = {isa = PBXFileReference; lastKnownFileType = wrapper.framework; name = CoreGraphics.framework; path = System/Library/Frameworks/CoreGraphics.framework; sourceTree = SDKROOT; };
		3FDFD4561C2ACCEB00B44C56 /* MobileCoreServices.framework */ = {isa = PBXFileReference; lastKnownFileType = wrapper.framework; name = MobileCoreServices.framework; path = System/Library/Frameworks/MobileCoreServices.framework; sourceTree = SDKROOT; };
		3FDFD4581C2ACCF300B44C56 /* CFNetwork.framework */ = {isa = PBXFileReference; lastKnownFileType = wrapper.framework; name = CFNetwork.framework; path = System/Library/Frameworks/CFNetwork.framework; sourceTree = SDKROOT; };
		3FDFD45A1C2ACCF900B44C56 /* CoreTelephony.framework */ = {isa = PBXFileReference; lastKnownFileType = wrapper.framework; name = CoreTelephony.framework; path = System/Library/Frameworks/CoreTelephony.framework; sourceTree = SDKROOT; };
		3FDFD45C1C2ACD0100B44C56 /* SystemConfiguration.framework */ = {isa = PBXFileReference; lastKnownFileType = wrapper.framework; name = SystemConfiguration.framework; path = System/Library/Frameworks/SystemConfiguration.framework; sourceTree = SDKROOT; };
		3FDFD45E1C2ACD0D00B44C56 /* libz.1.2.5.tbd */ = {isa = PBXFileReference; lastKnownFileType = "sourcecode.text-based-dylib-definition"; name = libz.1.2.5.tbd; path = usr/lib/libz.1.2.5.tbd; sourceTree = SDKROOT; };
		3FDFD4601C2ACD1D00B44C56 /* libicucore.tbd */ = {isa = PBXFileReference; lastKnownFileType = "sourcecode.text-based-dylib-definition"; name = libicucore.tbd; path = usr/lib/libicucore.tbd; sourceTree = SDKROOT; };
		3FDFD4621C2ACD2700B44C56 /* libsqlite3.0.tbd */ = {isa = PBXFileReference; lastKnownFileType = "sourcecode.text-based-dylib-definition"; name = libsqlite3.0.tbd; path = usr/lib/libsqlite3.0.tbd; sourceTree = SDKROOT; };
		3FDFD4641C2ACD2D00B44C56 /* AVFoundation.framework */ = {isa = PBXFileReference; lastKnownFileType = wrapper.framework; name = AVFoundation.framework; path = System/Library/Frameworks/AVFoundation.framework; sourceTree = SDKROOT; };
		3FDFD4661C2ACD3400B44C56 /* MediaPlayer.framework */ = {isa = PBXFileReference; lastKnownFileType = wrapper.framework; name = MediaPlayer.framework; path = System/Library/Frameworks/MediaPlayer.framework; sourceTree = SDKROOT; };
		3FDFD4681C2ACFC100B44C56 /* BmobRequest.h */ = {isa = PBXFileReference; fileEncoding = 4; lastKnownFileType = sourcecode.c.h; path = BmobRequest.h; sourceTree = "<group>"; };
		3FDFD4691C2ACFC100B44C56 /* BmobRequest.m */ = {isa = PBXFileReference; fileEncoding = 4; lastKnownFileType = sourcecode.c.objc; path = BmobRequest.m; sourceTree = "<group>"; };
		3FDFD4701C2B7BEA00B44C56 /* UserModel.h */ = {isa = PBXFileReference; fileEncoding = 4; lastKnownFileType = sourcecode.c.h; path = UserModel.h; sourceTree = "<group>"; };
		3FDFD4711C2B7BEA00B44C56 /* UserModel.m */ = {isa = PBXFileReference; fileEncoding = 4; lastKnownFileType = sourcecode.c.objc; path = UserModel.m; sourceTree = "<group>"; };
		3FDFD4A61C2C187000B44C56 /* TestPrefixHeader.pch */ = {isa = PBXFileReference; lastKnownFileType = sourcecode.c.h; path = TestPrefixHeader.pch; sourceTree = "<group>"; };
		3FDFD4AE1C2C1FD600B44C56 /* Public.h */ = {isa = PBXFileReference; lastKnownFileType = sourcecode.c.h; path = Public.h; sourceTree = "<group>"; };
		3FDFD4AF1C2C1FD600B44C56 /* UConstants.h */ = {isa = PBXFileReference; lastKnownFileType = sourcecode.c.h; path = UConstants.h; sourceTree = "<group>"; };
		3FDFD4B01C2C201A00B44C56 /* AppConstants.h */ = {isa = PBXFileReference; lastKnownFileType = sourcecode.c.h; path = AppConstants.h; sourceTree = "<group>"; };
		3FDFD4B71C2C26D300B44C56 /* UIView+Toast.h */ = {isa = PBXFileReference; fileEncoding = 4; lastKnownFileType = sourcecode.c.h; path = "UIView+Toast.h"; sourceTree = "<group>"; };
		3FDFD4B81C2C26D300B44C56 /* UIView+Toast.m */ = {isa = PBXFileReference; fileEncoding = 4; lastKnownFileType = sourcecode.c.objc; path = "UIView+Toast.m"; sourceTree = "<group>"; };
		FF04577F1C340C150036396E /* MBProgressHUD.h */ = {isa = PBXFileReference; fileEncoding = 4; lastKnownFileType = sourcecode.c.h; path = MBProgressHUD.h; sourceTree = "<group>"; };
		FF0457801C340C150036396E /* MBProgressHUD.m */ = {isa = PBXFileReference; fileEncoding = 4; lastKnownFileType = sourcecode.c.objc; path = MBProgressHUD.m; sourceTree = "<group>"; };
		FF2CCFDA1C32144200CC76EF /* DEMOLeftMenuViewController.h */ = {isa = PBXFileReference; fileEncoding = 4; lastKnownFileType = sourcecode.c.h; path = DEMOLeftMenuViewController.h; sourceTree = "<group>"; };
		FF2CCFDB1C32144200CC76EF /* DEMOLeftMenuViewController.m */ = {isa = PBXFileReference; fileEncoding = 4; lastKnownFileType = sourcecode.c.objc; path = DEMOLeftMenuViewController.m; sourceTree = "<group>"; };
		FF2CCFDD1C3215D600CC76EF /* MainTableViewController.h */ = {isa = PBXFileReference; fileEncoding = 4; lastKnownFileType = sourcecode.c.h; path = MainTableViewController.h; sourceTree = "<group>"; };
		FF2CCFDE1C3215D600CC76EF /* MainTableViewController.m */ = {isa = PBXFileReference; fileEncoding = 4; lastKnownFileType = sourcecode.c.objc; path = MainTableViewController.m; sourceTree = "<group>"; };
		FF4251E11C34B15600640F7B /* MyBannerView.h */ = {isa = PBXFileReference; fileEncoding = 4; lastKnownFileType = sourcecode.c.h; path = MyBannerView.h; sourceTree = "<group>"; };
		FF4251E21C34B15600640F7B /* MyBannerView.m */ = {isa = PBXFileReference; fileEncoding = 4; lastKnownFileType = sourcecode.c.objc; path = MyBannerView.m; sourceTree = "<group>"; };
		FF4251E51C34B1BB00640F7B /* MKAnnotationView+WebCache.h */ = {isa = PBXFileReference; fileEncoding = 4; lastKnownFileType = sourcecode.c.h; path = "MKAnnotationView+WebCache.h"; sourceTree = "<group>"; };
		FF4251E61C34B1BB00640F7B /* MKAnnotationView+WebCache.m */ = {isa = PBXFileReference; fileEncoding = 4; lastKnownFileType = sourcecode.c.objc; path = "MKAnnotationView+WebCache.m"; sourceTree = "<group>"; };
		FF4251E71C34B1BB00640F7B /* NSData+ImageContentType.h */ = {isa = PBXFileReference; fileEncoding = 4; lastKnownFileType = sourcecode.c.h; path = "NSData+ImageContentType.h"; sourceTree = "<group>"; };
		FF4251E81C34B1BB00640F7B /* NSData+ImageContentType.m */ = {isa = PBXFileReference; fileEncoding = 4; lastKnownFileType = sourcecode.c.objc; path = "NSData+ImageContentType.m"; sourceTree = "<group>"; };
		FF4251E91C34B1BB00640F7B /* SDImageCache.h */ = {isa = PBXFileReference; fileEncoding = 4; lastKnownFileType = sourcecode.c.h; path = SDImageCache.h; sourceTree = "<group>"; };
		FF4251EA1C34B1BB00640F7B /* SDImageCache.m */ = {isa = PBXFileReference; fileEncoding = 4; lastKnownFileType = sourcecode.c.objc; path = SDImageCache.m; sourceTree = "<group>"; };
		FF4251EB1C34B1BB00640F7B /* SDWebImageCompat.h */ = {isa = PBXFileReference; fileEncoding = 4; lastKnownFileType = sourcecode.c.h; path = SDWebImageCompat.h; sourceTree = "<group>"; };
		FF4251EC1C34B1BB00640F7B /* SDWebImageCompat.m */ = {isa = PBXFileReference; fileEncoding = 4; lastKnownFileType = sourcecode.c.objc; path = SDWebImageCompat.m; sourceTree = "<group>"; };
		FF4251ED1C34B1BB00640F7B /* SDWebImageDecoder.h */ = {isa = PBXFileReference; fileEncoding = 4; lastKnownFileType = sourcecode.c.h; path = SDWebImageDecoder.h; sourceTree = "<group>"; };
		FF4251EE1C34B1BB00640F7B /* SDWebImageDecoder.m */ = {isa = PBXFileReference; fileEncoding = 4; lastKnownFileType = sourcecode.c.objc; path = SDWebImageDecoder.m; sourceTree = "<group>"; };
		FF4251EF1C34B1BB00640F7B /* SDWebImageDownloader.h */ = {isa = PBXFileReference; fileEncoding = 4; lastKnownFileType = sourcecode.c.h; path = SDWebImageDownloader.h; sourceTree = "<group>"; };
		FF4251F01C34B1BB00640F7B /* SDWebImageDownloader.m */ = {isa = PBXFileReference; fileEncoding = 4; lastKnownFileType = sourcecode.c.objc; path = SDWebImageDownloader.m; sourceTree = "<group>"; };
		FF4251F11C34B1BB00640F7B /* SDWebImageDownloaderOperation.h */ = {isa = PBXFileReference; fileEncoding = 4; lastKnownFileType = sourcecode.c.h; path = SDWebImageDownloaderOperation.h; sourceTree = "<group>"; };
		FF4251F21C34B1BB00640F7B /* SDWebImageDownloaderOperation.m */ = {isa = PBXFileReference; fileEncoding = 4; lastKnownFileType = sourcecode.c.objc; path = SDWebImageDownloaderOperation.m; sourceTree = "<group>"; };
		FF4251F31C34B1BB00640F7B /* SDWebImageManager.h */ = {isa = PBXFileReference; fileEncoding = 4; lastKnownFileType = sourcecode.c.h; path = SDWebImageManager.h; sourceTree = "<group>"; };
		FF4251F41C34B1BB00640F7B /* SDWebImageManager.m */ = {isa = PBXFileReference; fileEncoding = 4; lastKnownFileType = sourcecode.c.objc; path = SDWebImageManager.m; sourceTree = "<group>"; };
		FF4251F51C34B1BB00640F7B /* SDWebImageOperation.h */ = {isa = PBXFileReference; fileEncoding = 4; lastKnownFileType = sourcecode.c.h; path = SDWebImageOperation.h; sourceTree = "<group>"; };
		FF4251F61C34B1BB00640F7B /* SDWebImagePrefetcher.h */ = {isa = PBXFileReference; fileEncoding = 4; lastKnownFileType = sourcecode.c.h; path = SDWebImagePrefetcher.h; sourceTree = "<group>"; };
		FF4251F71C34B1BB00640F7B /* SDWebImagePrefetcher.m */ = {isa = PBXFileReference; fileEncoding = 4; lastKnownFileType = sourcecode.c.objc; path = SDWebImagePrefetcher.m; sourceTree = "<group>"; };
		FF4251F81C34B1BB00640F7B /* UIButton+WebCache.h */ = {isa = PBXFileReference; fileEncoding = 4; lastKnownFileType = sourcecode.c.h; path = "UIButton+WebCache.h"; sourceTree = "<group>"; };
		FF4251F91C34B1BB00640F7B /* UIButton+WebCache.m */ = {isa = PBXFileReference; fileEncoding = 4; lastKnownFileType = sourcecode.c.objc; path = "UIButton+WebCache.m"; sourceTree = "<group>"; };
		FF4251FA1C34B1BB00640F7B /* UIImage+GIF.h */ = {isa = PBXFileReference; fileEncoding = 4; lastKnownFileType = sourcecode.c.h; path = "UIImage+GIF.h"; sourceTree = "<group>"; };
		FF4251FB1C34B1BB00640F7B /* UIImage+GIF.m */ = {isa = PBXFileReference; fileEncoding = 4; lastKnownFileType = sourcecode.c.objc; path = "UIImage+GIF.m"; sourceTree = "<group>"; };
		FF4251FC1C34B1BB00640F7B /* UIImage+MultiFormat.h */ = {isa = PBXFileReference; fileEncoding = 4; lastKnownFileType = sourcecode.c.h; path = "UIImage+MultiFormat.h"; sourceTree = "<group>"; };
		FF4251FD1C34B1BB00640F7B /* UIImage+MultiFormat.m */ = {isa = PBXFileReference; fileEncoding = 4; lastKnownFileType = sourcecode.c.objc; path = "UIImage+MultiFormat.m"; sourceTree = "<group>"; };
		FF4251FE1C34B1BB00640F7B /* UIImage+WebP.h */ = {isa = PBXFileReference; fileEncoding = 4; lastKnownFileType = sourcecode.c.h; path = "UIImage+WebP.h"; sourceTree = "<group>"; };
		FF4251FF1C34B1BB00640F7B /* UIImage+WebP.m */ = {isa = PBXFileReference; fileEncoding = 4; lastKnownFileType = sourcecode.c.objc; path = "UIImage+WebP.m"; sourceTree = "<group>"; };
		FF4252001C34B1BB00640F7B /* UIImageView+HighlightedWebCache.h */ = {isa = PBXFileReference; fileEncoding = 4; lastKnownFileType = sourcecode.c.h; path = "UIImageView+HighlightedWebCache.h"; sourceTree = "<group>"; };
		FF4252011C34B1BB00640F7B /* UIImageView+HighlightedWebCache.m */ = {isa = PBXFileReference; fileEncoding = 4; lastKnownFileType = sourcecode.c.objc; path = "UIImageView+HighlightedWebCache.m"; sourceTree = "<group>"; };
		FF4252021C34B1BB00640F7B /* UIImageView+WebCache.h */ = {isa = PBXFileReference; fileEncoding = 4; lastKnownFileType = sourcecode.c.h; path = "UIImageView+WebCache.h"; sourceTree = "<group>"; };
		FF4252031C34B1BB00640F7B /* UIImageView+WebCache.m */ = {isa = PBXFileReference; fileEncoding = 4; lastKnownFileType = sourcecode.c.objc; path = "UIImageView+WebCache.m"; sourceTree = "<group>"; };
		FF4252041C34B1BB00640F7B /* UIView+WebCacheOperation.h */ = {isa = PBXFileReference; fileEncoding = 4; lastKnownFileType = sourcecode.c.h; path = "UIView+WebCacheOperation.h"; sourceTree = "<group>"; };
		FF4252051C34B1BB00640F7B /* UIView+WebCacheOperation.m */ = {isa = PBXFileReference; fileEncoding = 4; lastKnownFileType = sourcecode.c.objc; path = "UIView+WebCacheOperation.m"; sourceTree = "<group>"; };
		FF4252161C34B2FD00640F7B /* ZQTBannerModel.h */ = {isa = PBXFileReference; fileEncoding = 4; lastKnownFileType = sourcecode.c.h; path = ZQTBannerModel.h; sourceTree = "<group>"; };
		FF4252171C34B2FD00640F7B /* ZQTBannerModel.m */ = {isa = PBXFileReference; fileEncoding = 4; lastKnownFileType = sourcecode.c.objc; path = ZQTBannerModel.m; sourceTree = "<group>"; };
		FF4252191C34FB9300640F7B /* ZQTMainModel.h */ = {isa = PBXFileReference; fileEncoding = 4; lastKnownFileType = sourcecode.c.h; path = ZQTMainModel.h; sourceTree = "<group>"; };
		FF42521A1C34FB9300640F7B /* ZQTMainModel.m */ = {isa = PBXFileReference; fileEncoding = 4; lastKnownFileType = sourcecode.c.objc; path = ZQTMainModel.m; sourceTree = "<group>"; };
		FF42521C1C34FD5400640F7B /* ZQTMainCell.h */ = {isa = PBXFileReference; fileEncoding = 4; lastKnownFileType = sourcecode.c.h; path = ZQTMainCell.h; sourceTree = "<group>"; };
		FF42521D1C34FD5400640F7B /* ZQTMainCell.m */ = {isa = PBXFileReference; fileEncoding = 4; lastKnownFileType = sourcecode.c.objc; path = ZQTMainCell.m; sourceTree = "<group>"; };
		FF4252231C351CEE00640F7B /* MJRefreshAutoFooter.h */ = {isa = PBXFileReference; fileEncoding = 4; lastKnownFileType = sourcecode.c.h; path = MJRefreshAutoFooter.h; sourceTree = "<group>"; };
		FF4252241C351CEE00640F7B /* MJRefreshAutoFooter.m */ = {isa = PBXFileReference; fileEncoding = 4; lastKnownFileType = sourcecode.c.objc; path = MJRefreshAutoFooter.m; sourceTree = "<group>"; };
		FF4252251C351CEE00640F7B /* MJRefreshBackFooter.h */ = {isa = PBXFileReference; fileEncoding = 4; lastKnownFileType = sourcecode.c.h; path = MJRefreshBackFooter.h; sourceTree = "<group>"; };
		FF4252261C351CEE00640F7B /* MJRefreshBackFooter.m */ = {isa = PBXFileReference; fileEncoding = 4; lastKnownFileType = sourcecode.c.objc; path = MJRefreshBackFooter.m; sourceTree = "<group>"; };
		FF4252271C351CEE00640F7B /* MJRefreshComponent.h */ = {isa = PBXFileReference; fileEncoding = 4; lastKnownFileType = sourcecode.c.h; path = MJRefreshComponent.h; sourceTree = "<group>"; };
		FF4252281C351CEE00640F7B /* MJRefreshComponent.m */ = {isa = PBXFileReference; fileEncoding = 4; lastKnownFileType = sourcecode.c.objc; path = MJRefreshComponent.m; sourceTree = "<group>"; };
		FF4252291C351CEE00640F7B /* MJRefreshFooter.h */ = {isa = PBXFileReference; fileEncoding = 4; lastKnownFileType = sourcecode.c.h; path = MJRefreshFooter.h; sourceTree = "<group>"; };
		FF42522A1C351CEE00640F7B /* MJRefreshFooter.m */ = {isa = PBXFileReference; fileEncoding = 4; lastKnownFileType = sourcecode.c.objc; path = MJRefreshFooter.m; sourceTree = "<group>"; };
		FF42522B1C351CEE00640F7B /* MJRefreshHeader.h */ = {isa = PBXFileReference; fileEncoding = 4; lastKnownFileType = sourcecode.c.h; path = MJRefreshHeader.h; sourceTree = "<group>"; };
		FF42522C1C351CEE00640F7B /* MJRefreshHeader.m */ = {isa = PBXFileReference; fileEncoding = 4; lastKnownFileType = sourcecode.c.objc; path = MJRefreshHeader.m; sourceTree = "<group>"; };
		FF4252301C351CEE00640F7B /* MJRefreshAutoGifFooter.h */ = {isa = PBXFileReference; fileEncoding = 4; lastKnownFileType = sourcecode.c.h; path = MJRefreshAutoGifFooter.h; sourceTree = "<group>"; };
		FF4252311C351CEE00640F7B /* MJRefreshAutoGifFooter.m */ = {isa = PBXFileReference; fileEncoding = 4; lastKnownFileType = sourcecode.c.objc; path = MJRefreshAutoGifFooter.m; sourceTree = "<group>"; };
		FF4252321C351CEE00640F7B /* MJRefreshAutoNormalFooter.h */ = {isa = PBXFileReference; fileEncoding = 4; lastKnownFileType = sourcecode.c.h; path = MJRefreshAutoNormalFooter.h; sourceTree = "<group>"; };
		FF4252331C351CEE00640F7B /* MJRefreshAutoNormalFooter.m */ = {isa = PBXFileReference; fileEncoding = 4; lastKnownFileType = sourcecode.c.objc; path = MJRefreshAutoNormalFooter.m; sourceTree = "<group>"; };
		FF4252341C351CEE00640F7B /* MJRefreshAutoStateFooter.h */ = {isa = PBXFileReference; fileEncoding = 4; lastKnownFileType = sourcecode.c.h; path = MJRefreshAutoStateFooter.h; sourceTree = "<group>"; };
		FF4252351C351CEE00640F7B /* MJRefreshAutoStateFooter.m */ = {isa = PBXFileReference; fileEncoding = 4; lastKnownFileType = sourcecode.c.objc; path = MJRefreshAutoStateFooter.m; sourceTree = "<group>"; };
		FF4252371C351CEE00640F7B /* MJRefreshBackGifFooter.h */ = {isa = PBXFileReference; fileEncoding = 4; lastKnownFileType = sourcecode.c.h; path = MJRefreshBackGifFooter.h; sourceTree = "<group>"; };
		FF4252381C351CEE00640F7B /* MJRefreshBackGifFooter.m */ = {isa = PBXFileReference; fileEncoding = 4; lastKnownFileType = sourcecode.c.objc; path = MJRefreshBackGifFooter.m; sourceTree = "<group>"; };
		FF4252391C351CEE00640F7B /* MJRefreshBackNormalFooter.h */ = {isa = PBXFileReference; fileEncoding = 4; lastKnownFileType = sourcecode.c.h; path = MJRefreshBackNormalFooter.h; sourceTree = "<group>"; };
		FF42523A1C351CEE00640F7B /* MJRefreshBackNormalFooter.m */ = {isa = PBXFileReference; fileEncoding = 4; lastKnownFileType = sourcecode.c.objc; path = MJRefreshBackNormalFooter.m; sourceTree = "<group>"; };
		FF42523B1C351CEE00640F7B /* MJRefreshBackStateFooter.h */ = {isa = PBXFileReference; fileEncoding = 4; lastKnownFileType = sourcecode.c.h; path = MJRefreshBackStateFooter.h; sourceTree = "<group>"; };
		FF42523C1C351CEE00640F7B /* MJRefreshBackStateFooter.m */ = {isa = PBXFileReference; fileEncoding = 4; lastKnownFileType = sourcecode.c.objc; path = MJRefreshBackStateFooter.m; sourceTree = "<group>"; };
		FF42523E1C351CEE00640F7B /* MJRefreshGifHeader.h */ = {isa = PBXFileReference; fileEncoding = 4; lastKnownFileType = sourcecode.c.h; path = MJRefreshGifHeader.h; sourceTree = "<group>"; };
		FF42523F1C351CEE00640F7B /* MJRefreshGifHeader.m */ = {isa = PBXFileReference; fileEncoding = 4; lastKnownFileType = sourcecode.c.objc; path = MJRefreshGifHeader.m; sourceTree = "<group>"; };
		FF4252401C351CEE00640F7B /* MJRefreshNormalHeader.h */ = {isa = PBXFileReference; fileEncoding = 4; lastKnownFileType = sourcecode.c.h; path = MJRefreshNormalHeader.h; sourceTree = "<group>"; };
		FF4252411C351CEE00640F7B /* MJRefreshNormalHeader.m */ = {isa = PBXFileReference; fileEncoding = 4; lastKnownFileType = sourcecode.c.objc; path = MJRefreshNormalHeader.m; sourceTree = "<group>"; };
		FF4252421C351CEE00640F7B /* MJRefreshStateHeader.h */ = {isa = PBXFileReference; fileEncoding = 4; lastKnownFileType = sourcecode.c.h; path = MJRefreshStateHeader.h; sourceTree = "<group>"; };
		FF4252431C351CEE00640F7B /* MJRefreshStateHeader.m */ = {isa = PBXFileReference; fileEncoding = 4; lastKnownFileType = sourcecode.c.objc; path = MJRefreshStateHeader.m; sourceTree = "<group>"; };
		FF4252441C351CEE00640F7B /* MJRefresh.bundle */ = {isa = PBXFileReference; lastKnownFileType = "wrapper.plug-in"; path = MJRefresh.bundle; sourceTree = "<group>"; };
		FF4252451C351CEE00640F7B /* MJRefresh.h */ = {isa = PBXFileReference; fileEncoding = 4; lastKnownFileType = sourcecode.c.h; path = MJRefresh.h; sourceTree = "<group>"; };
		FF4252461C351CEE00640F7B /* MJRefreshConst.h */ = {isa = PBXFileReference; fileEncoding = 4; lastKnownFileType = sourcecode.c.h; path = MJRefreshConst.h; sourceTree = "<group>"; };
		FF4252471C351CEE00640F7B /* MJRefreshConst.m */ = {isa = PBXFileReference; fileEncoding = 4; lastKnownFileType = sourcecode.c.objc; path = MJRefreshConst.m; sourceTree = "<group>"; };
		FF4252481C351CEE00640F7B /* UIScrollView+MJExtension.h */ = {isa = PBXFileReference; fileEncoding = 4; lastKnownFileType = sourcecode.c.h; path = "UIScrollView+MJExtension.h"; sourceTree = "<group>"; };
		FF4252491C351CEE00640F7B /* UIScrollView+MJExtension.m */ = {isa = PBXFileReference; fileEncoding = 4; lastKnownFileType = sourcecode.c.objc; path = "UIScrollView+MJExtension.m"; sourceTree = "<group>"; };
		FF42524A1C351CEE00640F7B /* UIScrollView+MJRefresh.h */ = {isa = PBXFileReference; fileEncoding = 4; lastKnownFileType = sourcecode.c.h; path = "UIScrollView+MJRefresh.h"; sourceTree = "<group>"; };
		FF42524B1C351CEE00640F7B /* UIScrollView+MJRefresh.m */ = {isa = PBXFileReference; fileEncoding = 4; lastKnownFileType = sourcecode.c.objc; path = "UIScrollView+MJRefresh.m"; sourceTree = "<group>"; };
		FF42524C1C351CEE00640F7B /* UIView+MJExtension.h */ = {isa = PBXFileReference; fileEncoding = 4; lastKnownFileType = sourcecode.c.h; path = "UIView+MJExtension.h"; sourceTree = "<group>"; };
		FF42524D1C351CEE00640F7B /* UIView+MJExtension.m */ = {isa = PBXFileReference; fileEncoding = 4; lastKnownFileType = sourcecode.c.objc; path = "UIView+MJExtension.m"; sourceTree = "<group>"; };
		FF4654161C35670500BE1384 /* ZQTCellHeaderView.h */ = {isa = PBXFileReference; fileEncoding = 4; lastKnownFileType = sourcecode.c.h; path = ZQTCellHeaderView.h; sourceTree = "<group>"; };
		FF4654171C35670500BE1384 /* ZQTCellHeaderView.m */ = {isa = PBXFileReference; fileEncoding = 4; lastKnownFileType = sourcecode.c.objc; path = ZQTCellHeaderView.m; sourceTree = "<group>"; };
		FF679E991C3276A50000C0AE /* MessageTableViewController.h */ = {isa = PBXFileReference; fileEncoding = 4; lastKnownFileType = sourcecode.c.h; path = MessageTableViewController.h; sourceTree = "<group>"; };
		FF679E9A1C3276A50000C0AE /* MessageTableViewController.m */ = {isa = PBXFileReference; fileEncoding = 4; lastKnownFileType = sourcecode.c.objc; path = MessageTableViewController.m; sourceTree = "<group>"; };
		FF9DB9FE1C31577100EF8E9A /* RECommonFunctions.h */ = {isa = PBXFileReference; fileEncoding = 4; lastKnownFileType = sourcecode.c.h; path = RECommonFunctions.h; sourceTree = "<group>"; };
		FF9DB9FF1C31577100EF8E9A /* RECommonFunctions.m */ = {isa = PBXFileReference; fileEncoding = 4; lastKnownFileType = sourcecode.c.objc; path = RECommonFunctions.m; sourceTree = "<group>"; };
		FF9DBA001C31577100EF8E9A /* RESideMenu.h */ = {isa = PBXFileReference; fileEncoding = 4; lastKnownFileType = sourcecode.c.h; path = RESideMenu.h; sourceTree = "<group>"; };
		FF9DBA011C31577100EF8E9A /* RESideMenu.m */ = {isa = PBXFileReference; fileEncoding = 4; lastKnownFileType = sourcecode.c.objc; path = RESideMenu.m; sourceTree = "<group>"; };
		FF9DBA021C31577100EF8E9A /* UIViewController+RESideMenu.h */ = {isa = PBXFileReference; fileEncoding = 4; lastKnownFileType = sourcecode.c.h; path = "UIViewController+RESideMenu.h"; sourceTree = "<group>"; };
		FF9DBA031C31577100EF8E9A /* UIViewController+RESideMenu.m */ = {isa = PBXFileReference; fileEncoding = 4; lastKnownFileType = sourcecode.c.objc; path = "UIViewController+RESideMenu.m"; sourceTree = "<group>"; };
		FF9DBA081C31656100EF8E9A /* HeaderChooseController.h */ = {isa = PBXFileReference; fileEncoding = 4; lastKnownFileType = sourcecode.c.h; path = HeaderChooseController.h; sourceTree = "<group>"; };
		FF9DBA091C31656100EF8E9A /* HeaderChooseController.m */ = {isa = PBXFileReference; fileEncoding = 4; lastKnownFileType = sourcecode.c.objc; path = HeaderChooseController.m; sourceTree = "<group>"; };
		FF9DBA0A1C31656100EF8E9A /* LoginController.h */ = {isa = PBXFileReference; fileEncoding = 4; lastKnownFileType = sourcecode.c.h; path = LoginController.h; sourceTree = "<group>"; };
		FF9DBA0B1C31656100EF8E9A /* LoginController.m */ = {isa = PBXFileReference; fileEncoding = 4; lastKnownFileType = sourcecode.c.objc; path = LoginController.m; sourceTree = "<group>"; };
		FF9DBA0C1C31656100EF8E9A /* RegisterController.h */ = {isa = PBXFileReference; fileEncoding = 4; lastKnownFileType = sourcecode.c.h; path = RegisterController.h; sourceTree = "<group>"; };
		FF9DBA0D1C31656100EF8E9A /* RegisterController.m */ = {isa = PBXFileReference; fileEncoding = 4; lastKnownFileType = sourcecode.c.objc; path = RegisterController.m; sourceTree = "<group>"; };
		FFA4243B1C3A9F6100398F15 /* DetailViewController.h */ = {isa = PBXFileReference; fileEncoding = 4; lastKnownFileType = sourcecode.c.h; path = DetailViewController.h; sourceTree = "<group>"; };
		FFA4243C1C3A9F6100398F15 /* DetailViewController.m */ = {isa = PBXFileReference; fileEncoding = 4; lastKnownFileType = sourcecode.c.objc; path = DetailViewController.m; sourceTree = "<group>"; };
		FFA4243F1C3AA2DF00398F15 /* UINavigationBar+Awesome.h */ = {isa = PBXFileReference; fileEncoding = 4; lastKnownFileType = sourcecode.c.h; path = "UINavigationBar+Awesome.h"; sourceTree = "<group>"; };
		FFA424401C3AA2DF00398F15 /* UINavigationBar+Awesome.m */ = {isa = PBXFileReference; fileEncoding = 4; lastKnownFileType = sourcecode.c.objc; path = "UINavigationBar+Awesome.m"; sourceTree = "<group>"; };
		FFAC25001C2FFB9E005D1CFA /* Utils.h */ = {isa = PBXFileReference; fileEncoding = 4; lastKnownFileType = sourcecode.c.h; name = Utils.h; path = "测试用/Utils.h"; sourceTree = SOURCE_ROOT; };
		FFAC25011C2FFB9E005D1CFA /* Utils.m */ = {isa = PBXFileReference; fileEncoding = 4; lastKnownFileType = sourcecode.c.objc; name = Utils.m; path = "测试用/Utils.m"; sourceTree = SOURCE_ROOT; };
		FFD94E691C394340002FF2DD /* ClassTableViewController.h */ = {isa = PBXFileReference; fileEncoding = 4; lastKnownFileType = sourcecode.c.h; path = ClassTableViewController.h; sourceTree = "<group>"; };
		FFD94E6A1C394340002FF2DD /* ClassTableViewController.m */ = {isa = PBXFileReference; fileEncoding = 4; lastKnownFileType = sourcecode.c.objc; path = ClassTableViewController.m; sourceTree = "<group>"; };
		FFD94E6C1C395073002FF2DD /* MoreTableViewController.h */ = {isa = PBXFileReference; fileEncoding = 4; lastKnownFileType = sourcecode.c.h; path = MoreTableViewController.h; sourceTree = "<group>"; };
		FFD94E6D1C395073002FF2DD /* MoreTableViewController.m */ = {isa = PBXFileReference; fileEncoding = 4; lastKnownFileType = sourcecode.c.objc; path = MoreTableViewController.m; sourceTree = "<group>"; };
/* End PBXFileReference section */

/* Begin PBXFrameworksBuildPhase section */
		3FDFD42B1C2AC6E000B44C56 /* Frameworks */ = {
			isa = PBXFrameworksBuildPhase;
			buildActionMask = 2147483647;
			files = (
				3FDFD4671C2ACD3400B44C56 /* MediaPlayer.framework in Frameworks */,
				3FDFD4651C2ACD2D00B44C56 /* AVFoundation.framework in Frameworks */,
				3FDFD4631C2ACD2700B44C56 /* libsqlite3.0.tbd in Frameworks */,
				3FDFD4611C2ACD1D00B44C56 /* libicucore.tbd in Frameworks */,
				3FDFD45F1C2ACD0D00B44C56 /* libz.1.2.5.tbd in Frameworks */,
				3FDFD45D1C2ACD0100B44C56 /* SystemConfiguration.framework in Frameworks */,
				3FDFD45B1C2ACCF900B44C56 /* CoreTelephony.framework in Frameworks */,
				3FDFD4591C2ACCF300B44C56 /* CFNetwork.framework in Frameworks */,
				3FDFD4571C2ACCEB00B44C56 /* MobileCoreServices.framework in Frameworks */,
				3FDFD4551C2ACCE300B44C56 /* CoreGraphics.framework in Frameworks */,
				3FDFD4531C2ACCDA00B44C56 /* Security.framework in Frameworks */,
				3FDFD4511C2ACCCD00B44C56 /* CoreLocation.framework in Frameworks */,
				3FDFD44D1C2ACC3100B44C56 /* BmobSDK.framework in Frameworks */,
			);
			runOnlyForDeploymentPostprocessing = 0;
		};
/* End PBXFrameworksBuildPhase section */

/* Begin PBXGroup section */
		3FDFD4251C2AC6E000B44C56 = {
			isa = PBXGroup;
			children = (
				3FDFD4301C2AC6E000B44C56 /* 测试用 */,
				3FDFD42F1C2AC6E000B44C56 /* Products */,
			);
			sourceTree = "<group>";
		};
		3FDFD42F1C2AC6E000B44C56 /* Products */ = {
			isa = PBXGroup;
			children = (
				3FDFD42E1C2AC6E000B44C56 /* 测试用.app */,
			);
			name = Products;
			sourceTree = "<group>";
		};
		3FDFD4301C2AC6E000B44C56 /* 测试用 */ = {
			isa = PBXGroup;
			children = (
				3FDFD49A1C2C141800B44C56 /* Utils */,
				3FDFD46B1C2B7B2D00B44C56 /* Bmob_Request */,
				3FDFD44F1C2ACC5300B44C56 /* Framework */,
				FF2FF5881C31068200558CFC /* View */,
				3FDFD46F1C2B7BC600B44C56 /* Model */,
				3FDFD4A71C2C1C1100B44C56 /* Controller */,
				3FDFD4341C2AC6E000B44C56 /* AppDelegate.h */,
				3FDFD4351C2AC6E000B44C56 /* AppDelegate.m */,
				3FDFD43A1C2AC6E000B44C56 /* Main.storyboard */,
				3FDFD43D1C2AC6E000B44C56 /* Assets.xcassets */,
				3FDFD43F1C2AC6E000B44C56 /* LaunchScreen.storyboard */,
				3FDFD4421C2AC6E000B44C56 /* Info.plist */,
				3FDFD4311C2AC6E000B44C56 /* Supporting Files */,
			);
			path = "测试用";
			sourceTree = "<group>";
		};
		3FDFD4311C2AC6E000B44C56 /* Supporting Files */ = {
			isa = PBXGroup;
			children = (
				3FDFD4B01C2C201A00B44C56 /* AppConstants.h */,
				3FDFD4AE1C2C1FD600B44C56 /* Public.h */,
				3FDFD4AF1C2C1FD600B44C56 /* UConstants.h */,
				3FDFD4A61C2C187000B44C56 /* TestPrefixHeader.pch */,
				3FDFD4321C2AC6E000B44C56 /* main.m */,
			);
			name = "Supporting Files";
			sourceTree = "<group>";
		};
		3FDFD4491C2ACC3100B44C56 /* Bmob_SDK_iOS_v1.6.5 */ = {
			isa = PBXGroup;
			children = (
				3FDFD44A1C2ACC3100B44C56 /* Bmob_iOS_SDK更新历史.txt */,
				3FDFD44B1C2ACC3100B44C56 /* BmobSDK.framework */,
			);
			path = Bmob_SDK_iOS_v1.6.5;
			sourceTree = "<group>";
		};
		3FDFD44F1C2ACC5300B44C56 /* Framework */ = {
			isa = PBXGroup;
			children = (
				FFA4243E1C3AA2AC00398F15 /* UINavigationBar+Awesome */,
				FF4252211C351CEE00640F7B /* MJRefresh */,
				FF4251E41C34B1BB00640F7B /* SDWebImage */,
				FF04577E1C340BF30036396E /* MBProgressHUD */,
				FF9DB9FD1C31577100EF8E9A /* RESideMenu */,
				3FDFD4B61C2C26D300B44C56 /* Toast */,
				3FDFD4491C2ACC3100B44C56 /* Bmob_SDK_iOS_v1.6.5 */,
				3FDFD4661C2ACD3400B44C56 /* MediaPlayer.framework */,
				3FDFD4641C2ACD2D00B44C56 /* AVFoundation.framework */,
				3FDFD4621C2ACD2700B44C56 /* libsqlite3.0.tbd */,
				3FDFD4601C2ACD1D00B44C56 /* libicucore.tbd */,
				3FDFD45E1C2ACD0D00B44C56 /* libz.1.2.5.tbd */,
				3FDFD45C1C2ACD0100B44C56 /* SystemConfiguration.framework */,
				3FDFD45A1C2ACCF900B44C56 /* CoreTelephony.framework */,
				3FDFD4581C2ACCF300B44C56 /* CFNetwork.framework */,
				3FDFD4561C2ACCEB00B44C56 /* MobileCoreServices.framework */,
				3FDFD4541C2ACCE300B44C56 /* CoreGraphics.framework */,
				3FDFD4521C2ACCDA00B44C56 /* Security.framework */,
				3FDFD4501C2ACCCD00B44C56 /* CoreLocation.framework */,
			);
			name = Framework;
			sourceTree = "<group>";
		};
		3FDFD46B1C2B7B2D00B44C56 /* Bmob_Request */ = {
			isa = PBXGroup;
			children = (
				3FDFD4681C2ACFC100B44C56 /* BmobRequest.h */,
				3FDFD4691C2ACFC100B44C56 /* BmobRequest.m */,
			);
			path = Bmob_Request;
			sourceTree = "<group>";
		};
		3FDFD46F1C2B7BC600B44C56 /* Model */ = {
			isa = PBXGroup;
			children = (
				3FDFD4701C2B7BEA00B44C56 /* UserModel.h */,
				3FDFD4711C2B7BEA00B44C56 /* UserModel.m */,
				FF4252161C34B2FD00640F7B /* ZQTBannerModel.h */,
				FF4252171C34B2FD00640F7B /* ZQTBannerModel.m */,
				FF4252191C34FB9300640F7B /* ZQTMainModel.h */,
				FF42521A1C34FB9300640F7B /* ZQTMainModel.m */,
			);
			path = Model;
			sourceTree = "<group>";
		};
		3FDFD49A1C2C141800B44C56 /* Utils */ = {
			isa = PBXGroup;
			children = (
				FFAC25001C2FFB9E005D1CFA /* Utils.h */,
				FFAC25011C2FFB9E005D1CFA /* Utils.m */,
			);
			name = Utils;
			path = ../../../../Downloads/Login_Register/Login_Register/Global/Utils;
			sourceTree = "<group>";
		};
		3FDFD4A71C2C1C1100B44C56 /* Controller */ = {
			isa = PBXGroup;
			children = (
				FF2CCFD91C3213C300CC76EF /* 侧边栏 */,
				FF9DBA121C31687200EF8E9A /* 首页 */,
				FF9DBA071C3164B700EF8E9A /* 注册登录 */,
			);
			name = Controller;
			sourceTree = "<group>";
		};
		3FDFD4B61C2C26D300B44C56 /* Toast */ = {
			isa = PBXGroup;
			children = (
				3FDFD4B71C2C26D300B44C56 /* UIView+Toast.h */,
				3FDFD4B81C2C26D300B44C56 /* UIView+Toast.m */,
			);
			path = Toast;
			sourceTree = "<group>";
		};
		FF04577E1C340BF30036396E /* MBProgressHUD */ = {
			isa = PBXGroup;
			children = (
				FF04577F1C340C150036396E /* MBProgressHUD.h */,
				FF0457801C340C150036396E /* MBProgressHUD.m */,
			);
			name = MBProgressHUD;
			sourceTree = "<group>";
		};
		FF2CCFD91C3213C300CC76EF /* 侧边栏 */ = {
			isa = PBXGroup;
			children = (
				FF2CCFDA1C32144200CC76EF /* DEMOLeftMenuViewController.h */,
				FF2CCFDB1C32144200CC76EF /* DEMOLeftMenuViewController.m */,
			);
			path = "侧边栏";
			sourceTree = "<group>";
		};
		FF2FF5881C31068200558CFC /* View */ = {
			isa = PBXGroup;
			children = (
				FF4251E11C34B15600640F7B /* MyBannerView.h */,
				FF4251E21C34B15600640F7B /* MyBannerView.m */,
				FF42521C1C34FD5400640F7B /* ZQTMainCell.h */,
				FF42521D1C34FD5400640F7B /* ZQTMainCell.m */,
				FF4654161C35670500BE1384 /* ZQTCellHeaderView.h */,
				FF4654171C35670500BE1384 /* ZQTCellHeaderView.m */,
			);
			path = View;
			sourceTree = "<group>";
		};
		FF4251E41C34B1BB00640F7B /* SDWebImage */ = {
			isa = PBXGroup;
			children = (
				FF4251E51C34B1BB00640F7B /* MKAnnotationView+WebCache.h */,
				FF4251E61C34B1BB00640F7B /* MKAnnotationView+WebCache.m */,
				FF4251E71C34B1BB00640F7B /* NSData+ImageContentType.h */,
				FF4251E81C34B1BB00640F7B /* NSData+ImageContentType.m */,
				FF4251E91C34B1BB00640F7B /* SDImageCache.h */,
				FF4251EA1C34B1BB00640F7B /* SDImageCache.m */,
				FF4251EB1C34B1BB00640F7B /* SDWebImageCompat.h */,
				FF4251EC1C34B1BB00640F7B /* SDWebImageCompat.m */,
				FF4251ED1C34B1BB00640F7B /* SDWebImageDecoder.h */,
				FF4251EE1C34B1BB00640F7B /* SDWebImageDecoder.m */,
				FF4251EF1C34B1BB00640F7B /* SDWebImageDownloader.h */,
				FF4251F01C34B1BB00640F7B /* SDWebImageDownloader.m */,
				FF4251F11C34B1BB00640F7B /* SDWebImageDownloaderOperation.h */,
				FF4251F21C34B1BB00640F7B /* SDWebImageDownloaderOperation.m */,
				FF4251F31C34B1BB00640F7B /* SDWebImageManager.h */,
				FF4251F41C34B1BB00640F7B /* SDWebImageManager.m */,
				FF4251F51C34B1BB00640F7B /* SDWebImageOperation.h */,
				FF4251F61C34B1BB00640F7B /* SDWebImagePrefetcher.h */,
				FF4251F71C34B1BB00640F7B /* SDWebImagePrefetcher.m */,
				FF4251F81C34B1BB00640F7B /* UIButton+WebCache.h */,
				FF4251F91C34B1BB00640F7B /* UIButton+WebCache.m */,
				FF4251FA1C34B1BB00640F7B /* UIImage+GIF.h */,
				FF4251FB1C34B1BB00640F7B /* UIImage+GIF.m */,
				FF4251FC1C34B1BB00640F7B /* UIImage+MultiFormat.h */,
				FF4251FD1C34B1BB00640F7B /* UIImage+MultiFormat.m */,
				FF4251FE1C34B1BB00640F7B /* UIImage+WebP.h */,
				FF4251FF1C34B1BB00640F7B /* UIImage+WebP.m */,
				FF4252001C34B1BB00640F7B /* UIImageView+HighlightedWebCache.h */,
				FF4252011C34B1BB00640F7B /* UIImageView+HighlightedWebCache.m */,
				FF4252021C34B1BB00640F7B /* UIImageView+WebCache.h */,
				FF4252031C34B1BB00640F7B /* UIImageView+WebCache.m */,
				FF4252041C34B1BB00640F7B /* UIView+WebCacheOperation.h */,
				FF4252051C34B1BB00640F7B /* UIView+WebCacheOperation.m */,
			);
			path = SDWebImage;
			sourceTree = "<group>";
		};
		FF4252211C351CEE00640F7B /* MJRefresh */ = {
			isa = PBXGroup;
			children = (
				FF4252221C351CEE00640F7B /* Base */,
				FF42522D1C351CEE00640F7B /* Custom */,
				FF4252441C351CEE00640F7B /* MJRefresh.bundle */,
				FF4252451C351CEE00640F7B /* MJRefresh.h */,
				FF4252461C351CEE00640F7B /* MJRefreshConst.h */,
				FF4252471C351CEE00640F7B /* MJRefreshConst.m */,
				FF4252481C351CEE00640F7B /* UIScrollView+MJExtension.h */,
				FF4252491C351CEE00640F7B /* UIScrollView+MJExtension.m */,
				FF42524A1C351CEE00640F7B /* UIScrollView+MJRefresh.h */,
				FF42524B1C351CEE00640F7B /* UIScrollView+MJRefresh.m */,
				FF42524C1C351CEE00640F7B /* UIView+MJExtension.h */,
				FF42524D1C351CEE00640F7B /* UIView+MJExtension.m */,
			);
			path = MJRefresh;
			sourceTree = "<group>";
		};
		FF4252221C351CEE00640F7B /* Base */ = {
			isa = PBXGroup;
			children = (
				FF4252231C351CEE00640F7B /* MJRefreshAutoFooter.h */,
				FF4252241C351CEE00640F7B /* MJRefreshAutoFooter.m */,
				FF4252251C351CEE00640F7B /* MJRefreshBackFooter.h */,
				FF4252261C351CEE00640F7B /* MJRefreshBackFooter.m */,
				FF4252271C351CEE00640F7B /* MJRefreshComponent.h */,
				FF4252281C351CEE00640F7B /* MJRefreshComponent.m */,
				FF4252291C351CEE00640F7B /* MJRefreshFooter.h */,
				FF42522A1C351CEE00640F7B /* MJRefreshFooter.m */,
				FF42522B1C351CEE00640F7B /* MJRefreshHeader.h */,
				FF42522C1C351CEE00640F7B /* MJRefreshHeader.m */,
			);
			path = Base;
			sourceTree = "<group>";
		};
		FF42522D1C351CEE00640F7B /* Custom */ = {
			isa = PBXGroup;
			children = (
				FF42522E1C351CEE00640F7B /* Footer */,
				FF42523D1C351CEE00640F7B /* Header */,
			);
			path = Custom;
			sourceTree = "<group>";
		};
		FF42522E1C351CEE00640F7B /* Footer */ = {
			isa = PBXGroup;
			children = (
				FF42522F1C351CEE00640F7B /* Auto */,
				FF4252361C351CEE00640F7B /* Back */,
			);
			path = Footer;
			sourceTree = "<group>";
		};
		FF42522F1C351CEE00640F7B /* Auto */ = {
			isa = PBXGroup;
			children = (
				FF4252301C351CEE00640F7B /* MJRefreshAutoGifFooter.h */,
				FF4252311C351CEE00640F7B /* MJRefreshAutoGifFooter.m */,
				FF4252321C351CEE00640F7B /* MJRefreshAutoNormalFooter.h */,
				FF4252331C351CEE00640F7B /* MJRefreshAutoNormalFooter.m */,
				FF4252341C351CEE00640F7B /* MJRefreshAutoStateFooter.h */,
				FF4252351C351CEE00640F7B /* MJRefreshAutoStateFooter.m */,
			);
			path = Auto;
			sourceTree = "<group>";
		};
		FF4252361C351CEE00640F7B /* Back */ = {
			isa = PBXGroup;
			children = (
				FF4252371C351CEE00640F7B /* MJRefreshBackGifFooter.h */,
				FF4252381C351CEE00640F7B /* MJRefreshBackGifFooter.m */,
				FF4252391C351CEE00640F7B /* MJRefreshBackNormalFooter.h */,
				FF42523A1C351CEE00640F7B /* MJRefreshBackNormalFooter.m */,
				FF42523B1C351CEE00640F7B /* MJRefreshBackStateFooter.h */,
				FF42523C1C351CEE00640F7B /* MJRefreshBackStateFooter.m */,
			);
			path = Back;
			sourceTree = "<group>";
		};
		FF42523D1C351CEE00640F7B /* Header */ = {
			isa = PBXGroup;
			children = (
				FF42523E1C351CEE00640F7B /* MJRefreshGifHeader.h */,
				FF42523F1C351CEE00640F7B /* MJRefreshGifHeader.m */,
				FF4252401C351CEE00640F7B /* MJRefreshNormalHeader.h */,
				FF4252411C351CEE00640F7B /* MJRefreshNormalHeader.m */,
				FF4252421C351CEE00640F7B /* MJRefreshStateHeader.h */,
				FF4252431C351CEE00640F7B /* MJRefreshStateHeader.m */,
			);
			path = Header;
			sourceTree = "<group>";
		};
		FF9DB9FD1C31577100EF8E9A /* RESideMenu */ = {
			isa = PBXGroup;
			children = (
				FF9DB9FE1C31577100EF8E9A /* RECommonFunctions.h */,
				FF9DB9FF1C31577100EF8E9A /* RECommonFunctions.m */,
				FF9DBA001C31577100EF8E9A /* RESideMenu.h */,
				FF9DBA011C31577100EF8E9A /* RESideMenu.m */,
				FF9DBA021C31577100EF8E9A /* UIViewController+RESideMenu.h */,
				FF9DBA031C31577100EF8E9A /* UIViewController+RESideMenu.m */,
			);
			path = RESideMenu;
			sourceTree = "<group>";
		};
		FF9DBA071C3164B700EF8E9A /* 注册登录 */ = {
			isa = PBXGroup;
			children = (
				FF9DBA081C31656100EF8E9A /* HeaderChooseController.h */,
				FF9DBA091C31656100EF8E9A /* HeaderChooseController.m */,
				FF9DBA0A1C31656100EF8E9A /* LoginController.h */,
				FF9DBA0B1C31656100EF8E9A /* LoginController.m */,
				FF9DBA0C1C31656100EF8E9A /* RegisterController.h */,
				FF9DBA0D1C31656100EF8E9A /* RegisterController.m */,
				FF679E991C3276A50000C0AE /* MessageTableViewController.h */,
				FF679E9A1C3276A50000C0AE /* MessageTableViewController.m */,
			);
			path = "注册登录";
			sourceTree = "<group>";
		};
		FF9DBA121C31687200EF8E9A /* 首页 */ = {
			isa = PBXGroup;
			children = (
				FF2CCFDD1C3215D600CC76EF /* MainTableViewController.h */,
				FF2CCFDE1C3215D600CC76EF /* MainTableViewController.m */,
				FFD94E6C1C395073002FF2DD /* MoreTableViewController.h */,
				FFD94E6D1C395073002FF2DD /* MoreTableViewController.m */,
				FFD94E691C394340002FF2DD /* ClassTableViewController.h */,
				FFD94E6A1C394340002FF2DD /* ClassTableViewController.m */,
				FFA4243B1C3A9F6100398F15 /* DetailViewController.h */,
				FFA4243C1C3A9F6100398F15 /* DetailViewController.m */,
			);
			path = "首页";
			sourceTree = "<group>";
		};
		FFA4243E1C3AA2AC00398F15 /* UINavigationBar+Awesome */ = {
			isa = PBXGroup;
			children = (
				FFA4243F1C3AA2DF00398F15 /* UINavigationBar+Awesome.h */,
				FFA424401C3AA2DF00398F15 /* UINavigationBar+Awesome.m */,
			);
			path = "UINavigationBar+Awesome";
			sourceTree = "<group>";
		};
/* End PBXGroup section */

/* Begin PBXNativeTarget section */
		3FDFD42D1C2AC6E000B44C56 /* 测试用 */ = {
			isa = PBXNativeTarget;
			buildConfigurationList = 3FDFD4451C2AC6E000B44C56 /* Build configuration list for PBXNativeTarget "测试用" */;
			buildPhases = (
				3FDFD42A1C2AC6E000B44C56 /* Sources */,
				3FDFD42B1C2AC6E000B44C56 /* Frameworks */,
				3FDFD42C1C2AC6E000B44C56 /* Resources */,
			);
			buildRules = (
			);
			dependencies = (
			);
			name = "测试用";
			productName = "测试用";
			productReference = 3FDFD42E1C2AC6E000B44C56 /* 测试用.app */;
			productType = "com.apple.product-type.application";
		};
/* End PBXNativeTarget section */

/* Begin PBXProject section */
		3FDFD4261C2AC6E000B44C56 /* Project object */ = {
			isa = PBXProject;
			attributes = {
				LastUpgradeCheck = 0710;
				ORGANIZATIONNAME = "周奇天";
				TargetAttributes = {
					3FDFD42D1C2AC6E000B44C56 = {
						CreatedOnToolsVersion = 7.1.1;
						DevelopmentTeam = G399SB48CR;
					};
				};
			};
			buildConfigurationList = 3FDFD4291C2AC6E000B44C56 /* Build configuration list for PBXProject "测试用" */;
			compatibilityVersion = "Xcode 3.2";
			developmentRegion = English;
			hasScannedForEncodings = 0;
			knownRegions = (
				en,
				Base,
			);
			mainGroup = 3FDFD4251C2AC6E000B44C56;
			productRefGroup = 3FDFD42F1C2AC6E000B44C56 /* Products */;
			projectDirPath = "";
			projectRoot = "";
			targets = (
				3FDFD42D1C2AC6E000B44C56 /* 测试用 */,
			);
		};
/* End PBXProject section */

/* Begin PBXResourcesBuildPhase section */
		3FDFD42C1C2AC6E000B44C56 /* Resources */ = {
			isa = PBXResourcesBuildPhase;
			buildActionMask = 2147483647;
			files = (
				3FDFD4411C2AC6E000B44C56 /* LaunchScreen.storyboard in Resources */,
				3FDFD44C1C2ACC3100B44C56 /* Bmob_iOS_SDK更新历史.txt in Resources */,
				3FDFD43E1C2AC6E000B44C56 /* Assets.xcassets in Resources */,
				FF42525C1C351CEE00640F7B /* MJRefresh.bundle in Resources */,
				3FDFD43C1C2AC6E000B44C56 /* Main.storyboard in Resources */,
			);
			runOnlyForDeploymentPostprocessing = 0;
		};
/* End PBXResourcesBuildPhase section */

/* Begin PBXSourcesBuildPhase section */
		3FDFD42A1C2AC6E000B44C56 /* Sources */ = {
			isa = PBXSourcesBuildPhase;
			buildActionMask = 2147483647;
			files = (
				FF42525D1C351CEE00640F7B /* MJRefreshConst.m in Sources */,
				FF4252151C34B1BB00640F7B /* UIView+WebCacheOperation.m in Sources */,
				3FDFD4B91C2C26D300B44C56 /* UIView+Toast.m in Sources */,
				FF4252131C34B1BB00640F7B /* UIImageView+HighlightedWebCache.m in Sources */,
				FF4252181C34B2FD00640F7B /* ZQTBannerModel.m in Sources */,
				FF4252571C351CEE00640F7B /* MJRefreshBackNormalFooter.m in Sources */,
				FF42525A1C351CEE00640F7B /* MJRefreshNormalHeader.m in Sources */,
				3FDFD4721C2B7BEA00B44C56 /* UserModel.m in Sources */,
				FF9DBA051C31577100EF8E9A /* RESideMenu.m in Sources */,
				FFD94E6B1C394340002FF2DD /* ClassTableViewController.m in Sources */,
				FFAC25021C2FFB9E005D1CFA /* Utils.m in Sources */,
				FF42524E1C351CEE00640F7B /* MJRefreshAutoFooter.m in Sources */,
				FF42520D1C34B1BB00640F7B /* SDWebImageManager.m in Sources */,
				FF42520A1C34B1BB00640F7B /* SDWebImageDecoder.m in Sources */,
				FF9DBA0F1C31656100EF8E9A /* LoginController.m in Sources */,
				FFA424411C3AA2DF00398F15 /* UINavigationBar+Awesome.m in Sources */,
				FF9DBA0E1C31656100EF8E9A /* HeaderChooseController.m in Sources */,
				FF42520E1C34B1BB00640F7B /* SDWebImagePrefetcher.m in Sources */,
				FF42521F1C34FD5400640F7B /* ZQTMainCell.m in Sources */,
				FF4252141C34B1BB00640F7B /* UIImageView+WebCache.m in Sources */,
				FF4252591C351CEE00640F7B /* MJRefreshGifHeader.m in Sources */,
				FF0457811C340C150036396E /* MBProgressHUD.m in Sources */,
				FF4252551C351CEE00640F7B /* MJRefreshAutoStateFooter.m in Sources */,
				FF4251E31C34B15600640F7B /* MyBannerView.m in Sources */,
				FFA4243D1C3A9F6100398F15 /* DetailViewController.m in Sources */,
				3FDFD46A1C2ACFC100B44C56 /* BmobRequest.m in Sources */,
				FF4252101C34B1BB00640F7B /* UIImage+GIF.m in Sources */,
				FF4252511C351CEE00640F7B /* MJRefreshFooter.m in Sources */,
				FF4252121C34B1BB00640F7B /* UIImage+WebP.m in Sources */,
				FF4252071C34B1BB00640F7B /* NSData+ImageContentType.m in Sources */,
				FFD94E6E1C395073002FF2DD /* MoreTableViewController.m in Sources */,
				FF4252091C34B1BB00640F7B /* SDWebImageCompat.m in Sources */,
				FF4252531C351CEE00640F7B /* MJRefreshAutoGifFooter.m in Sources */,
				3FDFD4361C2AC6E000B44C56 /* AppDelegate.m in Sources */,
				FF4252601C351CEE00640F7B /* UIView+MJExtension.m in Sources */,
				3FDFD4331C2AC6E000B44C56 /* main.m in Sources */,
				FF4654181C35670500BE1384 /* ZQTCellHeaderView.m in Sources */,
				FF42525F1C351CEE00640F7B /* UIScrollView+MJRefresh.m in Sources */,
				FF4252081C34B1BB00640F7B /* SDImageCache.m in Sources */,
				FF42520B1C34B1BB00640F7B /* SDWebImageDownloader.m in Sources */,
				FF42524F1C351CEE00640F7B /* MJRefreshBackFooter.m in Sources */,
				FF2CCFDC1C32144200CC76EF /* DEMOLeftMenuViewController.m in Sources */,
				FF9DBA101C31656100EF8E9A /* RegisterController.m in Sources */,
				FF4252521C351CEE00640F7B /* MJRefreshHeader.m in Sources */,
				FF4252541C351CEE00640F7B /* MJRefreshAutoNormalFooter.m in Sources */,
				FF4252111C34B1BB00640F7B /* UIImage+MultiFormat.m in Sources */,
				FF42520F1C34B1BB00640F7B /* UIButton+WebCache.m in Sources */,
				FF4252501C351CEE00640F7B /* MJRefreshComponent.m in Sources */,
				FF9DBA041C31577100EF8E9A /* RECommonFunctions.m in Sources */,
				FF4252561C351CEE00640F7B /* MJRefreshBackGifFooter.m in Sources */,
				FF42525E1C351CEE00640F7B /* UIScrollView+MJExtension.m in Sources */,
				FF4252061C34B1BB00640F7B /* MKAnnotationView+WebCache.m in Sources */,
				FF42520C1C34B1BB00640F7B /* SDWebImageDownloaderOperation.m in Sources */,
				FF2CCFDF1C3215D600CC76EF /* MainTableViewController.m in Sources */,
				FF4252581C351CEE00640F7B /* MJRefreshBackStateFooter.m in Sources */,
				FF9DBA061C31577100EF8E9A /* UIViewController+RESideMenu.m in Sources */,
				FF42521B1C34FB9300640F7B /* ZQTMainModel.m in Sources */,
				FF42525B1C351CEE00640F7B /* MJRefreshStateHeader.m in Sources */,
				FF679E9B1C3276A50000C0AE /* MessageTableViewController.m in Sources */,
			);
			runOnlyForDeploymentPostprocessing = 0;
		};
/* End PBXSourcesBuildPhase section */

/* Begin PBXVariantGroup section */
		3FDFD43A1C2AC6E000B44C56 /* Main.storyboard */ = {
			isa = PBXVariantGroup;
			children = (
				3FDFD43B1C2AC6E000B44C56 /* Base */,
			);
			name = Main.storyboard;
			sourceTree = "<group>";
		};
		3FDFD43F1C2AC6E000B44C56 /* LaunchScreen.storyboard */ = {
			isa = PBXVariantGroup;
			children = (
				3FDFD4401C2AC6E000B44C56 /* Base */,
			);
			name = LaunchScreen.storyboard;
			sourceTree = "<group>";
		};
/* End PBXVariantGroup section */

/* Begin XCBuildConfiguration section */
		3FDFD4431C2AC6E000B44C56 /* Debug */ = {
			isa = XCBuildConfiguration;
			buildSettings = {
				ALWAYS_SEARCH_USER_PATHS = NO;
				CLANG_CXX_LANGUAGE_STANDARD = "gnu++0x";
				CLANG_CXX_LIBRARY = "libc++";
				CLANG_ENABLE_MODULES = YES;
				CLANG_ENABLE_OBJC_ARC = YES;
				CLANG_WARN_BOOL_CONVERSION = YES;
				CLANG_WARN_CONSTANT_CONVERSION = YES;
				CLANG_WARN_DIRECT_OBJC_ISA_USAGE = YES_ERROR;
				CLANG_WARN_EMPTY_BODY = YES;
				CLANG_WARN_ENUM_CONVERSION = YES;
				CLANG_WARN_INT_CONVERSION = YES;
				CLANG_WARN_OBJC_ROOT_CLASS = YES_ERROR;
				CLANG_WARN_UNREACHABLE_CODE = YES;
				CLANG_WARN__DUPLICATE_METHOD_MATCH = YES;
				"CODE_SIGN_IDENTITY[sdk=iphoneos*]" = "iPhone Developer";
				COPY_PHASE_STRIP = NO;
				DEBUG_INFORMATION_FORMAT = dwarf;
				ENABLE_STRICT_OBJC_MSGSEND = YES;
				ENABLE_TESTABILITY = YES;
				GCC_C_LANGUAGE_STANDARD = gnu99;
				GCC_DYNAMIC_NO_PIC = NO;
				GCC_NO_COMMON_BLOCKS = YES;
				GCC_OPTIMIZATION_LEVEL = 0;
				GCC_PREPROCESSOR_DEFINITIONS = (
					"DEBUG=1",
					"$(inherited)",
				);
				GCC_WARN_64_TO_32_BIT_CONVERSION = YES;
				GCC_WARN_ABOUT_RETURN_TYPE = YES_ERROR;
				GCC_WARN_UNDECLARED_SELECTOR = YES;
				GCC_WARN_UNINITIALIZED_AUTOS = YES_AGGRESSIVE;
				GCC_WARN_UNUSED_FUNCTION = YES;
				GCC_WARN_UNUSED_VARIABLE = YES;
				IPHONEOS_DEPLOYMENT_TARGET = 9.1;
				MTL_ENABLE_DEBUG_INFO = YES;
				ONLY_ACTIVE_ARCH = YES;
				SDKROOT = iphoneos;
			};
			name = Debug;
		};
		3FDFD4441C2AC6E000B44C56 /* Release */ = {
			isa = XCBuildConfiguration;
			buildSettings = {
				ALWAYS_SEARCH_USER_PATHS = NO;
				CLANG_CXX_LANGUAGE_STANDARD = "gnu++0x";
				CLANG_CXX_LIBRARY = "libc++";
				CLANG_ENABLE_MODULES = YES;
				CLANG_ENABLE_OBJC_ARC = YES;
				CLANG_WARN_BOOL_CONVERSION = YES;
				CLANG_WARN_CONSTANT_CONVERSION = YES;
				CLANG_WARN_DIRECT_OBJC_ISA_USAGE = YES_ERROR;
				CLANG_WARN_EMPTY_BODY = YES;
				CLANG_WARN_ENUM_CONVERSION = YES;
				CLANG_WARN_INT_CONVERSION = YES;
				CLANG_WARN_OBJC_ROOT_CLASS = YES_ERROR;
				CLANG_WARN_UNREACHABLE_CODE = YES;
				CLANG_WARN__DUPLICATE_METHOD_MATCH = YES;
				"CODE_SIGN_IDENTITY[sdk=iphoneos*]" = "iPhone Developer";
				COPY_PHASE_STRIP = NO;
				DEBUG_INFORMATION_FORMAT = "dwarf-with-dsym";
				ENABLE_NS_ASSERTIONS = NO;
				ENABLE_STRICT_OBJC_MSGSEND = YES;
				GCC_C_LANGUAGE_STANDARD = gnu99;
				GCC_NO_COMMON_BLOCKS = YES;
				GCC_WARN_64_TO_32_BIT_CONVERSION = YES;
				GCC_WARN_ABOUT_RETURN_TYPE = YES_ERROR;
				GCC_WARN_UNDECLARED_SELECTOR = YES;
				GCC_WARN_UNINITIALIZED_AUTOS = YES_AGGRESSIVE;
				GCC_WARN_UNUSED_FUNCTION = YES;
				GCC_WARN_UNUSED_VARIABLE = YES;
				IPHONEOS_DEPLOYMENT_TARGET = 9.1;
				MTL_ENABLE_DEBUG_INFO = NO;
				SDKROOT = iphoneos;
				VALIDATE_PRODUCT = YES;
			};
			name = Release;
		};
		3FDFD4461C2AC6E000B44C56 /* Debug */ = {
			isa = XCBuildConfiguration;
			buildSettings = {
				ASSETCATALOG_COMPILER_APPICON_NAME = AppIcon;
				CODE_SIGN_IDENTITY = "iPhone Developer";
				FRAMEWORK_SEARCH_PATHS = (
					"$(inherited)",
					"$(PROJECT_DIR)/测试用/Bmob_SDK_iOS_v1.6.5",
				);
				GCC_PRECOMPILE_PREFIX_HEADER = YES;
				GCC_PREFIX_HEADER = "测试用/TestPrefixHeader.pch";
				INFOPLIST_FILE = "测试用/Info.plist";
				LD_RUNPATH_SEARCH_PATHS = "$(inherited) @executable_path/Frameworks";
				PRODUCT_BUNDLE_IDENTIFIER = niit.zqt.123;
				PRODUCT_NAME = "$(TARGET_NAME)";
			};
			name = Debug;
		};
		3FDFD4471C2AC6E000B44C56 /* Release */ = {
			isa = XCBuildConfiguration;
			buildSettings = {
				ASSETCATALOG_COMPILER_APPICON_NAME = AppIcon;
				CODE_SIGN_IDENTITY = "iPhone Developer";
				FRAMEWORK_SEARCH_PATHS = (
					"$(inherited)",
					"$(PROJECT_DIR)/测试用/Bmob_SDK_iOS_v1.6.5",
				);
				GCC_PRECOMPILE_PREFIX_HEADER = YES;
				GCC_PREFIX_HEADER = "测试用/TestPrefixHeader.pch";
				INFOPLIST_FILE = "测试用/Info.plist";
				LD_RUNPATH_SEARCH_PATHS = "$(inherited) @executable_path/Frameworks";
				PRODUCT_BUNDLE_IDENTIFIER = niit.zqt.123;
				PRODUCT_NAME = "$(TARGET_NAME)";
			};
			name = Release;
		};
/* End XCBuildConfiguration section */

/* Begin XCConfigurationList section */
		3FDFD4291C2AC6E000B44C56 /* Build configuration list for PBXProject "测试用" */ = {
			isa = XCConfigurationList;
			buildConfigurations = (
				3FDFD4431C2AC6E000B44C56 /* Debug */,
				3FDFD4441C2AC6E000B44C56 /* Release */,
			);
			defaultConfigurationIsVisible = 0;
			defaultConfigurationName = Release;
		};
		3FDFD4451C2AC6E000B44C56 /* Build configuration list for PBXNativeTarget "测试用" */ = {
			isa = XCConfigurationList;
			buildConfigurations = (
				3FDFD4461C2AC6E000B44C56 /* Debug */,
				3FDFD4471C2AC6E000B44C56 /* Release */,
			);
			defaultConfigurationIsVisible = 0;
			defaultConfigurationName = Release;
		};
/* End XCConfigurationList section */
	};
	rootObject = 3FDFD4261C2AC6E000B44C56 /* Project object */;
}
